
Microsoft Visual Studio Solution File, Format Version 12.00
# Visual Studio 15
VisualStudioVersion = 15.0.28010.2003
MinimumVisualStudioVersion = 10.0.40219.1
Project("{FAE04EC0-301F-11D3-BF4B-00C04F79EFBC}") = "Queue", "Queue\Queue.csproj", "{F3B02ECE-BE4E-43DB-BF7E-10785299DF8B}"
EndProject
Global
	GlobalSection(SolutionConfigurationPlatforms) = preSolution
		Debug|Any CPU = Debug|Any CPU
		Release|Any CPU = Release|Any CPU
	EndGlobalSection
	GlobalSection(ProjectConfigurationPlatforms) = postSolution
		{F3B02ECE-BE4E-43DB-BF7E-10785299DF8B}.Debug|Any CPU.ActiveCfg = Debug|Any CPU
		{F3B02ECE-BE4E-43DB-BF7E-10785299DF8B}.Debug|Any CPU.Build.0 = Debug|Any CPU
		{F3B02ECE-BE4E-43DB-BF7E-10785299DF8B}.Release|Any CPU.ActiveCfg = Release|Any CPU
		{F3B02ECE-BE4E-43DB-BF7E-10785299DF8B}.Release|Any CPU.Build.0 = Release|Any CPU
	EndGlobalSection
	GlobalSection(SolutionProperties) = preSolution
		HideSolutionNode = FALSE
	EndGlobalSection
	GlobalSection(ExtensibilityGlobals) = postSolution
		SolutionGuid = {E94FAA18-AF62-4E19-BA4A-B76539EF5F64}
	EndGlobalSection
EndGlobal
