
Microsoft Visual Studio Solution File, Format Version 12.00
# Visual Studio 15
VisualStudioVersion = 15.0.28010.2003
MinimumVisualStudioVersion = 10.0.40219.1
Project("{FAE04EC0-301F-11D3-BF4B-00C04F79EFBC}") = "tsmiley_Palindrome", "tsmiley_Palindrome\tsmiley_Palindrome.csproj", "{97710E10-020D-4FED-B199-CD2931F973FD}"
EndProject
Global
	GlobalSection(SolutionConfigurationPlatforms) = preSolution
		Debug|Any CPU = Debug|Any CPU
		Release|Any CPU = Release|Any CPU
	EndGlobalSection
	GlobalSection(ProjectConfigurationPlatforms) = postSolution
		{97710E10-020D-4FED-B199-CD2931F973FD}.Debug|Any CPU.ActiveCfg = Debug|Any CPU
		{97710E10-020D-4FED-B199-CD2931F973FD}.Debug|Any CPU.Build.0 = Debug|Any CPU
		{97710E10-020D-4FED-B199-CD2931F973FD}.Release|Any CPU.ActiveCfg = Release|Any CPU
		{97710E10-020D-4FED-B199-CD2931F973FD}.Release|Any CPU.Build.0 = Release|Any CPU
	EndGlobalSection
	GlobalSection(SolutionProperties) = preSolution
		HideSolutionNode = FALSE
	EndGlobalSection
	GlobalSection(ExtensibilityGlobals) = postSolution
		SolutionGuid = {81FEA34E-C2EB-4050-BAEE-A162DBE8C755}
	EndGlobalSection
EndGlobal
