
Microsoft Visual Studio Solution File, Format Version 12.00
# Visual Studio 15
VisualStudioVersion = 15.0.28010.2003
MinimumVisualStudioVersion = 10.0.40219.1
Project("{FAE04EC0-301F-11D3-BF4B-00C04F79EFBC}") = "Pre_Test", "Pre_Test\Pre_Test.csproj", "{6213F07D-3488-43E7-8F1C-979B5214C0CF}"
EndProject
Global
	GlobalSection(SolutionConfigurationPlatforms) = preSolution
		Debug|Any CPU = Debug|Any CPU
		Release|Any CPU = Release|Any CPU
	EndGlobalSection
	GlobalSection(ProjectConfigurationPlatforms) = postSolution
		{6213F07D-3488-43E7-8F1C-979B5214C0CF}.Debug|Any CPU.ActiveCfg = Debug|Any CPU
		{6213F07D-3488-43E7-8F1C-979B5214C0CF}.Debug|Any CPU.Build.0 = Debug|Any CPU
		{6213F07D-3488-43E7-8F1C-979B5214C0CF}.Release|Any CPU.ActiveCfg = Release|Any CPU
		{6213F07D-3488-43E7-8F1C-979B5214C0CF}.Release|Any CPU.Build.0 = Release|Any CPU
	EndGlobalSection
	GlobalSection(SolutionProperties) = preSolution
		HideSolutionNode = FALSE
	EndGlobalSection
	GlobalSection(ExtensibilityGlobals) = postSolution
		SolutionGuid = {0B156E51-E7E3-44A4-BA48-6860D9927519}
	EndGlobalSection
EndGlobal
