
Microsoft Visual Studio Solution File, Format Version 12.00
# Visual Studio 15
VisualStudioVersion = 15.0.28010.2003
MinimumVisualStudioVersion = 10.0.40219.1
Project("{FAE04EC0-301F-11D3-BF4B-00C04F79EFBC}") = "Algorithm_Practice", "Algorithm_Practice\Algorithm_Practice.csproj", "{A500E1CD-0736-43CF-897E-45523345311A}"
EndProject
Global
	GlobalSection(SolutionConfigurationPlatforms) = preSolution
		Debug|Any CPU = Debug|Any CPU
		Release|Any CPU = Release|Any CPU
	EndGlobalSection
	GlobalSection(ProjectConfigurationPlatforms) = postSolution
		{A500E1CD-0736-43CF-897E-45523345311A}.Debug|Any CPU.ActiveCfg = Debug|Any CPU
		{A500E1CD-0736-43CF-897E-45523345311A}.Debug|Any CPU.Build.0 = Debug|Any CPU
		{A500E1CD-0736-43CF-897E-45523345311A}.Release|Any CPU.ActiveCfg = Release|Any CPU
		{A500E1CD-0736-43CF-897E-45523345311A}.Release|Any CPU.Build.0 = Release|Any CPU
	EndGlobalSection
	GlobalSection(SolutionProperties) = preSolution
		HideSolutionNode = FALSE
	EndGlobalSection
	GlobalSection(ExtensibilityGlobals) = postSolution
		SolutionGuid = {CB2C1F6B-8DB8-4EBE-A482-BE9776938CE9}
	EndGlobalSection
EndGlobal
